
Microsoft Visual Studio Solution File, Format Version 12.00
# Visual Studio Version 17
VisualStudioVersion = 17.13.36105.23 d17.13
MinimumVisualStudioVersion = 10.0.40219.1
Project("{FAE04EC0-301F-11D3-BF4B-00C04F79EFBC}") = "FacebookLiveVoting", "FacebookLiveVoting\FacebookLiveVoting.csproj", "{11BF7B00-8F63-496B-B042-518CEA46F97A}"
EndProject
Global
	GlobalSection(SolutionConfigurationPlatforms) = preSolution
		Debug|Any CPU = Debug|Any CPU
		Release|Any CPU = Release|Any CPU
	EndGlobalSection
	GlobalSection(ProjectConfigurationPlatforms) = postSolution
		{11BF7B00-8F63-496B-B042-518CEA46F97A}.Debug|Any CPU.ActiveCfg = Debug|Any CPU
		{11BF7B00-8F63-496B-B042-518CEA46F97A}.Debug|Any CPU.Build.0 = Debug|Any CPU
		{11BF7B00-8F63-496B-B042-518CEA46F97A}.Release|Any CPU.ActiveCfg = Release|Any CPU
		{11BF7B00-8F63-496B-B042-518CEA46F97A}.Release|Any CPU.Build.0 = Release|Any CPU
	EndGlobalSection
	GlobalSection(SolutionProperties) = preSolution
		HideSolutionNode = FALSE
	EndGlobalSection
	GlobalSection(ExtensibilityGlobals) = postSolution
		SolutionGuid = {5D1E4CC5-AC59-4445-8941-28EC675DC739}
	EndGlobalSection
EndGlobal
